// !$*UTF8*$!
{
	archiveVersion = 1;
	classes = {
	};
	objectVersion = 50;
	objects = {

/* Begin PBXBuildFile section */
		8F84E32023F017AC00C6ED9B /* AppDelegate.swift in Sources */ = {isa = PBXBuildFile; fileRef = 8F84E31F23F017AC00C6ED9B /* AppDelegate.swift */; };
		8F84E32223F017AC00C6ED9B /* SceneDelegate.swift in Sources */ = {isa = PBXBuildFile; fileRef = 8F84E32123F017AC00C6ED9B /* SceneDelegate.swift */; };
		8F84E32423F017AC00C6ED9B /* ContentView.swift in Sources */ = {isa = PBXBuildFile; fileRef = 8F84E32323F017AC00C6ED9B /* ContentView.swift */; };
		8F84E32623F017AD00C6ED9B /* Assets.xcassets in Resources */ = {isa = PBXBuildFile; fileRef = 8F84E32523F017AD00C6ED9B /* Assets.xcassets */; };
		8F84E32923F017AD00C6ED9B /* Preview Assets.xcassets in Resources */ = {isa = PBXBuildFile; fileRef = 8F84E32823F017AD00C6ED9B /* Preview Assets.xcassets */; };
		8F84E32C23F017AD00C6ED9B /* LaunchScreen.storyboard in Resources */ = {isa = PBXBuildFile; fileRef = 8F84E32A23F017AD00C6ED9B /* LaunchScreen.storyboard */; };
/* End PBXBuildFile section */

/* Begin PBXFileReference section */
		8F84E31C23F017AC00C6ED9B /* GitDemo2.app */ = {isa = PBXFileReference; explicitFileType = wrapper.application; includeInIndex = 0; path = GitDemo2.app; sourceTree = BUILT_PRODUCTS_DIR; };
		8F84E31F23F017AC00C6ED9B /* AppDelegate.swift */ = {isa = PBXFileReference; lastKnownFileType = sourcecode.swift; path = AppDelegate.swift; sourceTree = "<group>"; };
		8F84E32123F017AC00C6ED9B /* SceneDelegate.swift */ = {isa = PBXFileReference; lastKnownFileType = sourcecode.swift; path = SceneDelegate.swift; sourceTree = "<group>"; };
		8F84E32323F017AC00C6ED9B /* ContentView.swift */ = {isa = PBXFileReference; lastKnownFileType = sourcecode.swift; path = ContentView.swift; sourceTree = "<group>"; };
		8F84E32523F017AD00C6ED9B /* Assets.xcassets */ = {isa = PBXFileReference; lastKnownFileType = folder.assetcatalog; path = Assets.xcassets; sourceTree = "<group>"; };
		8F84E32823F017AD00C6ED9B /* Preview Assets.xcassets */ = {isa = PBXFileReference; lastKnownFileType = folder.assetcatalog; path = "Preview Assets.xcassets"; sourceTree = "<group>"; };
		8F84E32B23F017AD00C6ED9B /* Base */ = {isa = PBXFileReference; lastKnownFileType = file.storyboard; name = Base; path = Base.lproj/LaunchScreen.storyboard; sourceTree = "<group>"; };
		8F84E32D23F017AD00C6ED9B /* Info.plist */ = {isa = PBXFileReference; lastKnownFileType = text.plist.xml; path = Info.plist; sourceTree = "<group>"; };
/* End PBXFileReference section */

/* Begin PBXFrameworksBuildPhase section */
		8F84E31923F017AC00C6ED9B /* Frameworks */ = {
			isa = PBXFrameworksBuildPhase;
			buildActionMask = 2147483647;
			files = (
			);
			runOnlyForDeploymentPostprocessing = 0;
		};
/* End PBXFrameworksBuildPhase section */

/* Begin PBXGroup section */
		8F84E31323F017AC00C6ED9B = {
			isa = PBXGroup;
			children = (
				8F84E31E23F017AC00C6ED9B /* GitDemo2 */,
				8F84E31D23F017AC00C6ED9B /* Products */,
			);
			sourceTree = "<group>";
		};
		8F84E31D23F017AC00C6ED9B /* Products */ = {
			isa = PBXGroup;
			children = (
				8F84E31C23F017AC00C6ED9B /* GitDemo2.app */,
			);
			name = Products;
			sourceTree = "<group>";
		};
		8F84E31E23F017AC00C6ED9B /* GitDemo2 */ = {
			isa = PBXGroup;
			children = (
				8F84E31F23F017AC00C6ED9B /* AppDelegate.swift */,
				8F84E32123F017AC00C6ED9B /* SceneDelegate.swift */,
				8F84E32323F017AC00C6ED9B /* ContentView.swift */,
				8F84E32523F017AD00C6ED9B /* Assets.xcassets */,
				8F84E32A23F017AD00C6ED9B /* LaunchScreen.storyboard */,
				8F84E32D23F017AD00C6ED9B /* Info.plist */,
				8F84E32723F017AD00C6ED9B /* Preview Content */,
			);
			path = GitDemo2;
			sourceTree = "<group>";
		};
		8F84E32723F017AD00C6ED9B /* Preview Content */ = {
			isa = PBXGroup;
			children = (
				8F84E32823F017AD00C6ED9B /* Preview Assets.xcassets */,
			);
			path = "Preview Content";
			sourceTree = "<group>";
		};
/* End PBXGroup section */

/* Begin PBXNativeTarget section */
		8F84E31B23F017AC00C6ED9B /* GitDemo2 */ = {
			isa = PBXNativeTarget;
			buildConfigurationList = 8F84E33023F017AD00C6ED9B /* Build configuration list for PBXNativeTarget "GitDemo2" */;
			buildPhases = (
				8F84E31823F017AC00C6ED9B /* Sources */,
				8F84E31923F017AC00C6ED9B /* Frameworks */,
				8F84E31A23F017AC00C6ED9B /* Resources */,
			);
			buildRules = (
			);
			dependencies = (
			);
			name = GitDemo2;
			productName = GitDemo2;
			productReference = 8F84E31C23F017AC00C6ED9B /* GitDemo2.app */;
			productType = "com.apple.product-type.application";
		};
/* End PBXNativeTarget section */

/* Begin PBXProject section */
		8F84E31423F017AC00C6ED9B /* Project object */ = {
			isa = PBXProject;
			attributes = {
				LastSwiftUpdateCheck = 1130;
				LastUpgradeCheck = 1130;
				ORGANIZATIONNAME = "Александр Литвиненко";
				TargetAttributes = {
					8F84E31B23F017AC00C6ED9B = {
						CreatedOnToolsVersion = 11.3.1;
					};
				};
			};
			buildConfigurationList = 8F84E31723F017AC00C6ED9B /* Build configuration list for PBXProject "GitDemo2" */;
			compatibilityVersion = "Xcode 9.3";
			developmentRegion = en;
			hasScannedForEncodings = 0;
			knownRegions = (
				en,
				Base,
			);
			mainGroup = 8F84E31323F017AC00C6ED9B;
			productRefGroup = 8F84E31D23F017AC00C6ED9B /* Products */;
			projectDirPath = "";
			projectRoot = "";
			targets = (
				8F84E31B23F017AC00C6ED9B /* GitDemo2 */,
			);
		};
/* End PBXProject section */

/* Begin PBXResourcesBuildPhase section */
		8F84E31A23F017AC00C6ED9B /* Resources */ = {
			isa = PBXResourcesBuildPhase;
			buildActionMask = 2147483647;
			files = (
				8F84E32C23F017AD00C6ED9B /* LaunchScreen.storyboard in Resources */,
				8F84E32923F017AD00C6ED9B /* Preview Assets.xcassets in Resources */,
				8F84E32623F017AD00C6ED9B /* Assets.xcassets in Resources */,
			);
			runOnlyForDeploymentPostprocessing = 0;
		};
/* End PBXResourcesBuildPhase section */

/* Begin PBXSourcesBuildPhase section */
		8F84E31823F017AC00C6ED9B /* Sources */ = {
			isa = PBXSourcesBuildPhase;
			buildActionMask = 2147483647;
			files = (
				8F84E32023F017AC00C6ED9B /* AppDelegate.swift in Sources */,
				8F84E32223F017AC00C6ED9B /* SceneDelegate.swift in Sources */,
				8F84E32423F017AC00C6ED9B /* ContentView.swift in Sources */,
			);
			runOnlyForDeploymentPostprocessing = 0;
		};
/* End PBXSourcesBuildPhase section */

/* Begin PBXVariantGroup section */
		8F84E32A23F017AD00C6ED9B /* LaunchScreen.storyboard */ = {
			isa = PBXVariantGroup;
			children = (
				8F84E32B23F017AD00C6ED9B /* Base */,
			);
			name = LaunchScreen.storyboard;
			sourceTree = "<group>";
		};
/* End PBXVariantGroup section */

/* Begin XCBuildConfiguration section */
		8F84E32E23F017AD00C6ED9B /* Debug */ = {
			isa = XCBuildConfiguration;
			buildSettings = {
				ALWAYS_SEARCH_USER_PATHS = NO;
				CLANG_ANALYZER_NONNULL = YES;
				CLANG_ANALYZER_NUMBER_OBJECT_CONVERSION = YES_AGGRESSIVE;
				CLANG_CXX_LANGUAGE_STANDARD = "gnu++14";
				CLANG_CXX_LIBRARY = "libc++";
				CLANG_ENABLE_MODULES = YES;
				CLANG_ENABLE_OBJC_ARC = YES;
				CLANG_ENABLE_OBJC_WEAK = YES;
				CLANG_WARN_BLOCK_CAPTURE_AUTORELEASING = YES;
				CLANG_WARN_BOOL_CONVERSION = YES;
				CLANG_WARN_COMMA = YES;
				CLANG_WARN_CONSTANT_CONVERSION = YES;
				CLANG_WARN_DEPRECATED_OBJC_IMPLEMENTATIONS = YES;
				CLANG_WARN_DIRECT_OBJC_ISA_USAGE = YES_ERROR;
				CLANG_WARN_DOCUMENTATION_COMMENTS = YES;
				CLANG_WARN_EMPTY_BODY = YES;
				CLANG_WARN_ENUM_CONVERSION = YES;
				CLANG_WARN_INFINITE_RECURSION = YES;
				CLANG_WARN_INT_CONVERSION = YES;
				CLANG_WARN_NON_LITERAL_NULL_CONVERSION = YES;
				CLANG_WARN_OBJC_IMPLICIT_RETAIN_SELF = YES;
				CLANG_WARN_OBJC_LITERAL_CONVERSION = YES;
				CLANG_WARN_OBJC_ROOT_CLASS = YES_ERROR;
				CLANG_WARN_RANGE_LOOP_ANALYSIS = YES;
				CLANG_WARN_STRICT_PROTOTYPES = YES;
				CLANG_WARN_SUSPICIOUS_MOVE = YES;
				CLANG_WARN_UNGUARDED_AVAILABILITY = YES_AGGRESSIVE;
				CLANG_WARN_UNREACHABLE_CODE = YES;
				CLANG_WARN__DUPLICATE_METHOD_MATCH = YES;
				COPY_PHASE_STRIP = NO;
				DEBUG_INFORMATION_FORMAT = dwarf;
				ENABLE_STRICT_OBJC_MSGSEND = YES;
				ENABLE_TESTABILITY = YES;
				GCC_C_LANGUAGE_STANDARD = gnu11;
				GCC_DYNAMIC_NO_PIC = NO;
				GCC_NO_COMMON_BLOCKS = YES;
				GCC_OPTIMIZATION_LEVEL = 0;
				GCC_PREPROCESSOR_DEFINITIONS = (
					"DEBUG=1",
					"$(inherited)",
				);
				GCC_WARN_64_TO_32_BIT_CONVERSION = YES;
				GCC_WARN_ABOUT_RETURN_TYPE = YES_ERROR;
				GCC_WARN_UNDECLARED_SELECTOR = YES;
				GCC_WARN_UNINITIALIZED_AUTOS = YES_AGGRESSIVE;
				GCC_WARN_UNUSED_FUNCTION = YES;
				GCC_WARN_UNUSED_VARIABLE = YES;
				IPHONEOS_DEPLOYMENT_TARGET = 13.2;
				MTL_ENABLE_DEBUG_INFO = INCLUDE_SOURCE;
				MTL_FAST_MATH = YES;
				ONLY_ACTIVE_ARCH = YES;
				SDKROOT = iphoneos;
				SWIFT_ACTIVE_COMPILATION_CONDITIONS = DEBUG;
				SWIFT_OPTIMIZATION_LEVEL = "-Onone";
			};
			name = Debug;
		};
		8F84E32F23F017AD00C6ED9B /* Release */ = {
			isa = XCBuildConfiguration;
			buildSettings = {
				ALWAYS_SEARCH_USER_PATHS = NO;
				CLANG_ANALYZER_NONNULL = YES;
				CLANG_ANALYZER_NUMBER_OBJECT_CONVERSION = YES_AGGRESSIVE;
				CLANG_CXX_LANGUAGE_STANDARD = "gnu++14";
				CLANG_CXX_LIBRARY = "libc++";
				CLANG_ENABLE_MODULES = YES;
				CLANG_ENABLE_OBJC_ARC = YES;
				CLANG_ENABLE_OBJC_WEAK = YES;
				CLANG_WARN_BLOCK_CAPTURE_AUTORELEASING = YES;
				CLANG_WARN_BOOL_CONVERSION = YES;
				CLANG_WARN_COMMA = YES;
				CLANG_WARN_CONSTANT_CONVERSION = YES;
				CLANG_WARN_DEPRECATED_OBJC_IMPLEMENTATIONS = YES;
				CLANG_WARN_DIRECT_OBJC_ISA_USAGE = YES_ERROR;
				CLANG_WARN_DOCUMENTATION_COMMENTS = YES;
				CLANG_WARN_EMPTY_BODY = YES;
				CLANG_WARN_ENUM_CONVERSION = YES;
				CLANG_WARN_INFINITE_RECURSION = YES;
				CLANG_WARN_INT_CONVERSION = YES;
				CLANG_WARN_NON_LITERAL_NULL_CONVERSION = YES;
				CLANG_WARN_OBJC_IMPLICIT_RETAIN_SELF = YES;
				CLANG_WARN_OBJC_LITERAL_CONVERSION = YES;
				CLANG_WARN_OBJC_ROOT_CLASS = YES_ERROR;
				CLANG_WARN_RANGE_LOOP_ANALYSIS = YES;
				CLANG_WARN_STRICT_PROTOTYPES = YES;
				CLANG_WARN_SUSPICIOUS_MOVE = YES;
				CLANG_WARN_UNGUARDED_AVAILABILITY = YES_AGGRESSIVE;
				CLANG_WARN_UNREACHABLE_CODE = YES;
				CLANG_WARN__DUPLICATE_METHOD_MATCH = YES;
				COPY_PHASE_STRIP = NO;
				DEBUG_INFORMATION_FORMAT = "dwarf-with-dsym";
				ENABLE_NS_ASSERTIONS = NO;
				ENABLE_STRICT_OBJC_MSGSEND = YES;
				GCC_C_LANGUAGE_STANDARD = gnu11;
				GCC_NO_COMMON_BLOCKS = YES;
				GCC_WARN_64_TO_32_BIT_CONVERSION = YES;
				GCC_WARN_ABOUT_RETURN_TYPE = YES_ERROR;
				GCC_WARN_UNDECLARED_SELECTOR = YES;
				GCC_WARN_UNINITIALIZED_AUTOS = YES_AGGRESSIVE;
				GCC_WARN_UNUSED_FUNCTION = YES;
				GCC_WARN_UNUSED_VARIABLE = YES;
				IPHONEOS_DEPLOYMENT_TARGET = 13.2;
				MTL_ENABLE_DEBUG_INFO = NO;
				MTL_FAST_MATH = YES;
				SDKROOT = iphoneos;
				SWIFT_COMPILATION_MODE = wholemodule;
				SWIFT_OPTIMIZATION_LEVEL = "-O";
				VALIDATE_PRODUCT = YES;
			};
			name = Release;
		};
		8F84E33123F017AD00C6ED9B /* Debug */ = {
			isa = XCBuildConfiguration;
			buildSettings = {
				ASSETCATALOG_COMPILER_APPICON_NAME = AppIcon;
				CODE_SIGN_STYLE = Automatic;
				DEVELOPMENT_ASSET_PATHS = "\"GitDemo2/Preview Content\"";
				DEVELOPMENT_TEAM = 7VKSSM7984;
				ENABLE_PREVIEWS = YES;
				INFOPLIST_FILE = GitDemo2/Info.plist;
				LD_RUNPATH_SEARCH_PATHS = (
					"$(inherited)",
					"@executable_path/Frameworks",
				);
				PRODUCT_BUNDLE_IDENTIFIER = com.litvinenko.GitDemo2;
				PRODUCT_NAME = "$(TARGET_NAME)";
				SWIFT_VERSION = 5.0;
				TARGETED_DEVICE_FAMILY = "1,2";
			};
			name = Debug;
		};
		8F84E33223F017AD00C6ED9B /* Release */ = {
			isa = XCBuildConfiguration;
			buildSettings = {
				ASSETCATALOG_COMPILER_APPICON_NAME = AppIcon;
				CODE_SIGN_STYLE = Automatic;
				DEVELOPMENT_ASSET_PATHS = "\"GitDemo2/Preview Content\"";
				DEVELOPMENT_TEAM = 7VKSSM7984;
				ENABLE_PREVIEWS = YES;
				INFOPLIST_FILE = GitDemo2/Info.plist;
				LD_RUNPATH_SEARCH_PATHS = (
					"$(inherited)",
					"@executable_path/Frameworks",
				);
				PRODUCT_BUNDLE_IDENTIFIER = com.litvinenko.GitDemo2;
				PRODUCT_NAME = "$(TARGET_NAME)";
				SWIFT_VERSION = 5.0;
				TARGETED_DEVICE_FAMILY = "1,2";
			};
			name = Release;
		};
/* End XCBuildConfiguration section */

/* Begin XCConfigurationList section */
		8F84E31723F017AC00C6ED9B /* Build configuration list for PBXProject "GitDemo2" */ = {
			isa = XCConfigurationList;
			buildConfigurations = (
				8F84E32E23F017AD00C6ED9B /* Debug */,
				8F84E32F23F017AD00C6ED9B /* Release */,
			);
			defaultConfigurationIsVisible = 0;
			defaultConfigurationName = Release;
		};
		8F84E33023F017AD00C6ED9B /* Build configuration list for PBXNativeTarget "GitDemo2" */ = {
			isa = XCConfigurationList;
			buildConfigurations = (
				8F84E33123F017AD00C6ED9B /* Debug */,
				8F84E33223F017AD00C6ED9B /* Release */,
			);
			defaultConfigurationIsVisible = 0;
			defaultConfigurationName = Release;
		};
/* End XCConfigurationList section */
	};
	rootObject = 8F84E31423F017AC00C6ED9B /* Project object */;
}
